
Microsoft Visual Studio Solution File, Format Version 12.00
# Visual Studio Version 17
VisualStudioVersion = 17.9.34622.214
MinimumVisualStudioVersion = 10.0.40219.1
Project("{9A19103F-16F7-4668-BE54-9A1E7A4F7556}") = "BlazorRegisterApp", "BlazorRegisterApp\BlazorRegisterApp.csproj", "{6E53D985-9C21-4917-95A4-8C62FFDE6180}"
EndProject
Project("{FAE04EC0-301F-11D3-BF4B-00C04F79EFBC}") = "Producer", "Producer\Producer.csproj", "{2C9B5B57-D20D-461F-B1DC-AF977736C3FC}"
EndProject
Global
	GlobalSection(SolutionConfigurationPlatforms) = preSolution
		Debug|Any CPU = Debug|Any CPU
		Release|Any CPU = Release|Any CPU
	EndGlobalSection
	GlobalSection(ProjectConfigurationPlatforms) = postSolution
		{6E53D985-9C21-4917-95A4-8C62FFDE6180}.Debug|Any CPU.ActiveCfg = Debug|Any CPU
		{6E53D985-9C21-4917-95A4-8C62FFDE6180}.Debug|Any CPU.Build.0 = Debug|Any CPU
		{6E53D985-9C21-4917-95A4-8C62FFDE6180}.Release|Any CPU.ActiveCfg = Release|Any CPU
		{6E53D985-9C21-4917-95A4-8C62FFDE6180}.Release|Any CPU.Build.0 = Release|Any CPU
		{2C9B5B57-D20D-461F-B1DC-AF977736C3FC}.Debug|Any CPU.ActiveCfg = Debug|Any CPU
		{2C9B5B57-D20D-461F-B1DC-AF977736C3FC}.Debug|Any CPU.Build.0 = Debug|Any CPU
		{2C9B5B57-D20D-461F-B1DC-AF977736C3FC}.Release|Any CPU.ActiveCfg = Release|Any CPU
		{2C9B5B57-D20D-461F-B1DC-AF977736C3FC}.Release|Any CPU.Build.0 = Release|Any CPU
	EndGlobalSection
	GlobalSection(SolutionProperties) = preSolution
		HideSolutionNode = FALSE
	EndGlobalSection
	GlobalSection(ExtensibilityGlobals) = postSolution
		SolutionGuid = {8759EF29-C27B-4606-AC17-B4484BA69E49}
	EndGlobalSection
EndGlobal
